// !$*UTF8*$!
{
	archiveVersion = 1;
	classes = {
	};
	objectVersion = 51;
	objects = {

/* Begin PBXBuildFile section */
		56AC54312363914A303BEDE8 /* Pods_OCMDAdDemo.framework in Frameworks */ = {isa = PBXBuildFile; fileRef = CAEBA45EBA20F1E3B8D25D5E /* Pods_OCMDAdDemo.framework */; };
		981C0F7022E016CD00BDF6E1 /* BuoyViewController.m in Sources */ = {isa = PBXBuildFile; fileRef = 981C0F6F22E016CD00BDF6E1 /* BuoyViewController.m */; };
		98380ADD2368302F00BA8784 /* HomePage.m in Sources */ = {isa = PBXBuildFile; fileRef = 98380ADC2368302F00BA8784 /* HomePage.m */; };
		98380AE02368333B00BA8784 /* Ad.m in Sources */ = {isa = PBXBuildFile; fileRef = 98380ADF2368333B00BA8784 /* Ad.m */; };
		98380AE323683CAD00BA8784 /* CustomViewController.m in Sources */ = {isa = PBXBuildFile; fileRef = 98380AE223683CAD00BA8784 /* CustomViewController.m */; };
		98405EA3237CFA1100C81574 /* CustomAdView.m in Sources */ = {isa = PBXBuildFile; fileRef = 98405EA2237CFA1100C81574 /* CustomAdView.m */; };
		98405EA5237CFA2600C81574 /* CustomAdView.xib in Resources */ = {isa = PBXBuildFile; fileRef = 98405EA4237CFA2600C81574 /* CustomAdView.xib */; };
		98405EA8237D068F00C81574 /* RewardVideoViewController.m in Sources */ = {isa = PBXBuildFile; fileRef = 98405EA7237D068F00C81574 /* RewardVideoViewController.m */; };
		984DDAF822DDDAB3006C2F27 /* InfoFlowViewController.m in Sources */ = {isa = PBXBuildFile; fileRef = 984DDAF722DDDAB3006C2F27 /* InfoFlowViewController.m */; };
		984DDAFB22DDDB10006C2F27 /* InterstitialViewController.m in Sources */ = {isa = PBXBuildFile; fileRef = 984DDAFA22DDDB10006C2F27 /* InterstitialViewController.m */; };
		984DDAFE22DDDBEB006C2F27 /* InterstitialHalfViewController.m in Sources */ = {isa = PBXBuildFile; fileRef = 984DDAFD22DDDBEB006C2F27 /* InterstitialHalfViewController.m */; };
		9881434822B1ED3B003037B5 /* AppDelegate.m in Sources */ = {isa = PBXBuildFile; fileRef = 9881434722B1ED3B003037B5 /* AppDelegate.m */; };
		9881434B22B1ED3B003037B5 /* BannerViewController.m in Sources */ = {isa = PBXBuildFile; fileRef = 9881434A22B1ED3B003037B5 /* BannerViewController.m */; };
		9881434E22B1ED3B003037B5 /* Main.storyboard in Resources */ = {isa = PBXBuildFile; fileRef = 9881434C22B1ED3B003037B5 /* Main.storyboard */; };
		9881435022B1ED3B003037B5 /* Assets.xcassets in Resources */ = {isa = PBXBuildFile; fileRef = 9881434F22B1ED3B003037B5 /* Assets.xcassets */; };
		9881435322B1ED3B003037B5 /* LaunchScreen.storyboard in Resources */ = {isa = PBXBuildFile; fileRef = 9881435122B1ED3B003037B5 /* LaunchScreen.storyboard */; };
		9881435622B1ED3B003037B5 /* main.m in Sources */ = {isa = PBXBuildFile; fileRef = 9881435522B1ED3B003037B5 /* main.m */; };
/* End PBXBuildFile section */

/* Begin PBXFileReference section */
		152F0472512BCAC09DC59057 /* Pods-OCMDAdDemo.release.xcconfig */ = {isa = PBXFileReference; includeInIndex = 1; lastKnownFileType = text.xcconfig; name = "Pods-OCMDAdDemo.release.xcconfig"; path = "Target Support Files/Pods-OCMDAdDemo/Pods-OCMDAdDemo.release.xcconfig"; sourceTree = "<group>"; };
		1794D1D5046B70772431787A /* Pods-OCMDAdDemo.debug.xcconfig */ = {isa = PBXFileReference; includeInIndex = 1; lastKnownFileType = text.xcconfig; name = "Pods-OCMDAdDemo.debug.xcconfig"; path = "Target Support Files/Pods-OCMDAdDemo/Pods-OCMDAdDemo.debug.xcconfig"; sourceTree = "<group>"; };
		981C0F6E22E016CD00BDF6E1 /* BuoyViewController.h */ = {isa = PBXFileReference; lastKnownFileType = sourcecode.c.h; path = BuoyViewController.h; sourceTree = "<group>"; };
		981C0F6F22E016CD00BDF6E1 /* BuoyViewController.m */ = {isa = PBXFileReference; lastKnownFileType = sourcecode.c.objc; path = BuoyViewController.m; sourceTree = "<group>"; };
		98380ADB2368302F00BA8784 /* HomePage.h */ = {isa = PBXFileReference; lastKnownFileType = sourcecode.c.h; path = HomePage.h; sourceTree = "<group>"; };
		98380ADC2368302F00BA8784 /* HomePage.m */ = {isa = PBXFileReference; lastKnownFileType = sourcecode.c.objc; path = HomePage.m; sourceTree = "<group>"; };
		98380ADE2368333B00BA8784 /* Ad.h */ = {isa = PBXFileReference; lastKnownFileType = sourcecode.c.h; path = Ad.h; sourceTree = "<group>"; };
		98380ADF2368333B00BA8784 /* Ad.m */ = {isa = PBXFileReference; lastKnownFileType = sourcecode.c.objc; path = Ad.m; sourceTree = "<group>"; };
		98380AE123683CAD00BA8784 /* CustomViewController.h */ = {isa = PBXFileReference; lastKnownFileType = sourcecode.c.h; path = CustomViewController.h; sourceTree = "<group>"; };
		98380AE223683CAD00BA8784 /* CustomViewController.m */ = {isa = PBXFileReference; lastKnownFileType = sourcecode.c.objc; path = CustomViewController.m; sourceTree = "<group>"; };
		98405EA1237CFA1100C81574 /* CustomAdView.h */ = {isa = PBXFileReference; lastKnownFileType = sourcecode.c.h; path = CustomAdView.h; sourceTree = "<group>"; };
		98405EA2237CFA1100C81574 /* CustomAdView.m */ = {isa = PBXFileReference; lastKnownFileType = sourcecode.c.objc; path = CustomAdView.m; sourceTree = "<group>"; };
		98405EA4237CFA2600C81574 /* CustomAdView.xib */ = {isa = PBXFileReference; lastKnownFileType = file.xib; path = CustomAdView.xib; sourceTree = "<group>"; };
		98405EA6237D068F00C81574 /* RewardVideoViewController.h */ = {isa = PBXFileReference; lastKnownFileType = sourcecode.c.h; path = RewardVideoViewController.h; sourceTree = "<group>"; };
		98405EA7237D068F00C81574 /* RewardVideoViewController.m */ = {isa = PBXFileReference; lastKnownFileType = sourcecode.c.objc; path = RewardVideoViewController.m; sourceTree = "<group>"; };
		984DDAF622DDDAB3006C2F27 /* InfoFlowViewController.h */ = {isa = PBXFileReference; lastKnownFileType = sourcecode.c.h; path = InfoFlowViewController.h; sourceTree = "<group>"; };
		984DDAF722DDDAB3006C2F27 /* InfoFlowViewController.m */ = {isa = PBXFileReference; lastKnownFileType = sourcecode.c.objc; path = InfoFlowViewController.m; sourceTree = "<group>"; };
		984DDAF922DDDB10006C2F27 /* InterstitialViewController.h */ = {isa = PBXFileReference; lastKnownFileType = sourcecode.c.h; path = InterstitialViewController.h; sourceTree = "<group>"; };
		984DDAFA22DDDB10006C2F27 /* InterstitialViewController.m */ = {isa = PBXFileReference; lastKnownFileType = sourcecode.c.objc; path = InterstitialViewController.m; sourceTree = "<group>"; };
		984DDAFC22DDDBEB006C2F27 /* InterstitialHalfViewController.h */ = {isa = PBXFileReference; lastKnownFileType = sourcecode.c.h; path = InterstitialHalfViewController.h; sourceTree = "<group>"; };
		984DDAFD22DDDBEB006C2F27 /* InterstitialHalfViewController.m */ = {isa = PBXFileReference; lastKnownFileType = sourcecode.c.objc; path = InterstitialHalfViewController.m; sourceTree = "<group>"; };
		986BFC5D237CF09B00031E07 /* MDAd.framework */ = {isa = PBXFileReference; explicitFileType = wrapper.framework; path = MDAd.framework; sourceTree = BUILT_PRODUCTS_DIR; };
		986D0852238CC720003DA8F2 /* MDAd.framework */ = {isa = PBXFileReference; explicitFileType = wrapper.framework; path = MDAd.framework; sourceTree = BUILT_PRODUCTS_DIR; };
		9881434322B1ED3B003037B5 /* OCMDAdDemo.app */ = {isa = PBXFileReference; explicitFileType = wrapper.application; includeInIndex = 0; path = OCMDAdDemo.app; sourceTree = BUILT_PRODUCTS_DIR; };
		9881434622B1ED3B003037B5 /* AppDelegate.h */ = {isa = PBXFileReference; lastKnownFileType = sourcecode.c.h; path = AppDelegate.h; sourceTree = "<group>"; };
		9881434722B1ED3B003037B5 /* AppDelegate.m */ = {isa = PBXFileReference; lastKnownFileType = sourcecode.c.objc; path = AppDelegate.m; sourceTree = "<group>"; };
		9881434922B1ED3B003037B5 /* BannerViewController.h */ = {isa = PBXFileReference; lastKnownFileType = sourcecode.c.h; path = BannerViewController.h; sourceTree = "<group>"; };
		9881434A22B1ED3B003037B5 /* BannerViewController.m */ = {isa = PBXFileReference; lastKnownFileType = sourcecode.c.objc; path = BannerViewController.m; sourceTree = "<group>"; };
		9881434D22B1ED3B003037B5 /* Base */ = {isa = PBXFileReference; lastKnownFileType = file.storyboard; name = Base; path = Base.lproj/Main.storyboard; sourceTree = "<group>"; };
		9881434F22B1ED3B003037B5 /* Assets.xcassets */ = {isa = PBXFileReference; lastKnownFileType = folder.assetcatalog; path = Assets.xcassets; sourceTree = "<group>"; };
		9881435222B1ED3B003037B5 /* Base */ = {isa = PBXFileReference; lastKnownFileType = file.storyboard; name = Base; path = Base.lproj/LaunchScreen.storyboard; sourceTree = "<group>"; };
		9881435422B1ED3B003037B5 /* Info.plist */ = {isa = PBXFileReference; lastKnownFileType = text.plist.xml; path = Info.plist; sourceTree = "<group>"; };
		9881435522B1ED3B003037B5 /* main.m */ = {isa = PBXFileReference; lastKnownFileType = sourcecode.c.objc; path = main.m; sourceTree = "<group>"; };
		CAEBA45EBA20F1E3B8D25D5E /* Pods_OCMDAdDemo.framework */ = {isa = PBXFileReference; explicitFileType = wrapper.framework; includeInIndex = 0; path = Pods_OCMDAdDemo.framework; sourceTree = BUILT_PRODUCTS_DIR; };
/* End PBXFileReference section */

/* Begin PBXFrameworksBuildPhase section */
		9881434022B1ED3B003037B5 /* Frameworks */ = {
			isa = PBXFrameworksBuildPhase;
			buildActionMask = 2147483647;
			files = (
				56AC54312363914A303BEDE8 /* Pods_OCMDAdDemo.framework in Frameworks */,
			);
			runOnlyForDeploymentPostprocessing = 0;
		};
/* End PBXFrameworksBuildPhase section */

/* Begin PBXGroup section */
		6A80434FDA711120A05E0519 /* Pods */ = {
			isa = PBXGroup;
			children = (
				1794D1D5046B70772431787A /* Pods-OCMDAdDemo.debug.xcconfig */,
				152F0472512BCAC09DC59057 /* Pods-OCMDAdDemo.release.xcconfig */,
			);
			path = Pods;
			sourceTree = "<group>";
		};
		9822F30F22DDC99300DC42E4 /* Frameworks */ = {
			isa = PBXGroup;
			children = (
				986D0852238CC720003DA8F2 /* MDAd.framework */,
				986BFC5D237CF09B00031E07 /* MDAd.framework */,
				CAEBA45EBA20F1E3B8D25D5E /* Pods_OCMDAdDemo.framework */,
			);
			name = Frameworks;
			sourceTree = "<group>";
		};
		98405EA0237CF9BC00C81574 /* Views */ = {
			isa = PBXGroup;
			children = (
				98405EA1237CFA1100C81574 /* CustomAdView.h */,
				98405EA2237CFA1100C81574 /* CustomAdView.m */,
				98405EA4237CFA2600C81574 /* CustomAdView.xib */,
			);
			path = Views;
			sourceTree = "<group>";
		};
		986BFC62237CF31600031E07 /* DemoControllers */ = {
			isa = PBXGroup;
			children = (
				98380ADB2368302F00BA8784 /* HomePage.h */,
				98380ADC2368302F00BA8784 /* HomePage.m */,
				9881434922B1ED3B003037B5 /* BannerViewController.h */,
				9881434A22B1ED3B003037B5 /* BannerViewController.m */,
				984DDAF622DDDAB3006C2F27 /* InfoFlowViewController.h */,
				984DDAF722DDDAB3006C2F27 /* InfoFlowViewController.m */,
				984DDAF922DDDB10006C2F27 /* InterstitialViewController.h */,
				984DDAFA22DDDB10006C2F27 /* InterstitialViewController.m */,
				984DDAFC22DDDBEB006C2F27 /* InterstitialHalfViewController.h */,
				984DDAFD22DDDBEB006C2F27 /* InterstitialHalfViewController.m */,
				981C0F6E22E016CD00BDF6E1 /* BuoyViewController.h */,
				981C0F6F22E016CD00BDF6E1 /* BuoyViewController.m */,
				98380AE123683CAD00BA8784 /* CustomViewController.h */,
				98380AE223683CAD00BA8784 /* CustomViewController.m */,
				98405EA6237D068F00C81574 /* RewardVideoViewController.h */,
				98405EA7237D068F00C81574 /* RewardVideoViewController.m */,
			);
			path = DemoControllers;
			sourceTree = "<group>";
		};
		9881433A22B1ED3B003037B5 = {
			isa = PBXGroup;
			children = (
				9881434522B1ED3B003037B5 /* OCMDAdDemo */,
				9881434422B1ED3B003037B5 /* Products */,
				9822F30F22DDC99300DC42E4 /* Frameworks */,
				6A80434FDA711120A05E0519 /* Pods */,
			);
			sourceTree = "<group>";
		};
		9881434422B1ED3B003037B5 /* Products */ = {
			isa = PBXGroup;
			children = (
				9881434322B1ED3B003037B5 /* OCMDAdDemo.app */,
			);
			name = Products;
			sourceTree = "<group>";
		};
		9881434522B1ED3B003037B5 /* OCMDAdDemo */ = {
			isa = PBXGroup;
			children = (
				986BFC62237CF31600031E07 /* DemoControllers */,
				98405EA0237CF9BC00C81574 /* Views */,
				9881434622B1ED3B003037B5 /* AppDelegate.h */,
				9881434722B1ED3B003037B5 /* AppDelegate.m */,
				98380ADE2368333B00BA8784 /* Ad.h */,
				98380ADF2368333B00BA8784 /* Ad.m */,
				9881434C22B1ED3B003037B5 /* Main.storyboard */,
				9881434F22B1ED3B003037B5 /* Assets.xcassets */,
				9881435122B1ED3B003037B5 /* LaunchScreen.storyboard */,
				9881435422B1ED3B003037B5 /* Info.plist */,
				9881435522B1ED3B003037B5 /* main.m */,
			);
			path = OCMDAdDemo;
			sourceTree = "<group>";
		};
/* End PBXGroup section */

/* Begin PBXNativeTarget section */
		9881434222B1ED3B003037B5 /* OCMDAdDemo */ = {
			isa = PBXNativeTarget;
			buildConfigurationList = 9881435922B1ED3B003037B5 /* Build configuration list for PBXNativeTarget "OCMDAdDemo" */;
			buildPhases = (
				DA5FD6C21F77ACB36613619E /* [CP] Check Pods Manifest.lock */,
				9881433F22B1ED3B003037B5 /* Sources */,
				9881434022B1ED3B003037B5 /* Frameworks */,
				9881434122B1ED3B003037B5 /* Resources */,
				CBD71F30645AA22AEB959990 /* [CP] Embed Pods Frameworks */,
				6CEF0118C3B71B7854940C0A /* [CP] Copy Pods Resources */,
			);
			buildRules = (
			);
			dependencies = (
			);
			name = OCMDAdDemo;
			productName = OCTestRuiYuMob;
			productReference = 9881434322B1ED3B003037B5 /* OCMDAdDemo.app */;
			productType = "com.apple.product-type.application";
		};
/* End PBXNativeTarget section */

/* Begin PBXProject section */
		9881433B22B1ED3B003037B5 /* Project object */ = {
			isa = PBXProject;
			attributes = {
				LastUpgradeCheck = 1020;
				ORGANIZATIONNAME = RuiYu;
				TargetAttributes = {
					9881434222B1ED3B003037B5 = {
						CreatedOnToolsVersion = 10.2;
						LastSwiftMigration = 1020;
					};
				};
			};
			buildConfigurationList = 9881433E22B1ED3B003037B5 /* Build configuration list for PBXProject "OCMDAdDemo" */;
			compatibilityVersion = "Xcode 9.3";
			developmentRegion = en;
			hasScannedForEncodings = 0;
			knownRegions = (
				en,
				Base,
			);
			mainGroup = 9881433A22B1ED3B003037B5;
			productRefGroup = 9881434422B1ED3B003037B5 /* Products */;
			projectDirPath = "";
			projectRoot = "";
			targets = (
				9881434222B1ED3B003037B5 /* OCMDAdDemo */,
			);
		};
/* End PBXProject section */

/* Begin PBXResourcesBuildPhase section */
		9881434122B1ED3B003037B5 /* Resources */ = {
			isa = PBXResourcesBuildPhase;
			buildActionMask = 2147483647;
			files = (
				9881435322B1ED3B003037B5 /* LaunchScreen.storyboard in Resources */,
				98405EA5237CFA2600C81574 /* CustomAdView.xib in Resources */,
				9881435022B1ED3B003037B5 /* Assets.xcassets in Resources */,
				9881434E22B1ED3B003037B5 /* Main.storyboard in Resources */,
			);
			runOnlyForDeploymentPostprocessing = 0;
		};
/* End PBXResourcesBuildPhase section */

/* Begin PBXShellScriptBuildPhase section */
		6CEF0118C3B71B7854940C0A /* [CP] Copy Pods Resources */ = {
			isa = PBXShellScriptBuildPhase;
			buildActionMask = 2147483647;
			files = (
			);
			inputFileListPaths = (
				"${PODS_ROOT}/Target Support Files/Pods-OCMDAdDemo/Pods-OCMDAdDemo-resources-${CONFIGURATION}-input-files.xcfilelist",
			);
			name = "[CP] Copy Pods Resources";
			outputFileListPaths = (
				"${PODS_ROOT}/Target Support Files/Pods-OCMDAdDemo/Pods-OCMDAdDemo-resources-${CONFIGURATION}-output-files.xcfilelist",
			);
			runOnlyForDeploymentPostprocessing = 0;
			shellPath = /bin/sh;
			shellScript = "\"${PODS_ROOT}/Target Support Files/Pods-OCMDAdDemo/Pods-OCMDAdDemo-resources.sh\"\n";
			showEnvVarsInLog = 0;
		};
		CBD71F30645AA22AEB959990 /* [CP] Embed Pods Frameworks */ = {
			isa = PBXShellScriptBuildPhase;
			buildActionMask = 2147483647;
			files = (
			);
			inputFileListPaths = (
				"${PODS_ROOT}/Target Support Files/Pods-OCMDAdDemo/Pods-OCMDAdDemo-frameworks-${CONFIGURATION}-input-files.xcfilelist",
			);
			name = "[CP] Embed Pods Frameworks";
			outputFileListPaths = (
				"${PODS_ROOT}/Target Support Files/Pods-OCMDAdDemo/Pods-OCMDAdDemo-frameworks-${CONFIGURATION}-output-files.xcfilelist",
			);
			runOnlyForDeploymentPostprocessing = 0;
			shellPath = /bin/sh;
			shellScript = "\"${PODS_ROOT}/Target Support Files/Pods-OCMDAdDemo/Pods-OCMDAdDemo-frameworks.sh\"\n";
			showEnvVarsInLog = 0;
		};
		DA5FD6C21F77ACB36613619E /* [CP] Check Pods Manifest.lock */ = {
			isa = PBXShellScriptBuildPhase;
			buildActionMask = 2147483647;
			files = (
			);
			inputFileListPaths = (
			);
			inputPaths = (
				"${PODS_PODFILE_DIR_PATH}/Podfile.lock",
				"${PODS_ROOT}/Manifest.lock",
			);
			name = "[CP] Check Pods Manifest.lock";
			outputFileListPaths = (
			);
			outputPaths = (
				"$(DERIVED_FILE_DIR)/Pods-OCMDAdDemo-checkManifestLockResult.txt",
			);
			runOnlyForDeploymentPostprocessing = 0;
			shellPath = /bin/sh;
			shellScript = "diff \"${PODS_PODFILE_DIR_PATH}/Podfile.lock\" \"${PODS_ROOT}/Manifest.lock\" > /dev/null\nif [ $? != 0 ] ; then\n    # print error to STDERR\n    echo \"error: The sandbox is not in sync with the Podfile.lock. Run 'pod install' or update your CocoaPods installation.\" >&2\n    exit 1\nfi\n# This output is used by Xcode 'outputs' to avoid re-running this script phase.\necho \"SUCCESS\" > \"${SCRIPT_OUTPUT_FILE_0}\"\n";
			showEnvVarsInLog = 0;
		};
/* End PBXShellScriptBuildPhase section */

/* Begin PBXSourcesBuildPhase section */
		9881433F22B1ED3B003037B5 /* Sources */ = {
			isa = PBXSourcesBuildPhase;
			buildActionMask = 2147483647;
			files = (
				9881434B22B1ED3B003037B5 /* BannerViewController.m in Sources */,
				98380AE323683CAD00BA8784 /* CustomViewController.m in Sources */,
				98405EA3237CFA1100C81574 /* CustomAdView.m in Sources */,
				9881435622B1ED3B003037B5 /* main.m in Sources */,
				984DDAFE22DDDBEB006C2F27 /* InterstitialHalfViewController.m in Sources */,
				98405EA8237D068F00C81574 /* RewardVideoViewController.m in Sources */,
				98380ADD2368302F00BA8784 /* HomePage.m in Sources */,
				984DDAFB22DDDB10006C2F27 /* InterstitialViewController.m in Sources */,
				984DDAF822DDDAB3006C2F27 /* InfoFlowViewController.m in Sources */,
				9881434822B1ED3B003037B5 /* AppDelegate.m in Sources */,
				98380AE02368333B00BA8784 /* Ad.m in Sources */,
				981C0F7022E016CD00BDF6E1 /* BuoyViewController.m in Sources */,
			);
			runOnlyForDeploymentPostprocessing = 0;
		};
/* End PBXSourcesBuildPhase section */

/* Begin PBXVariantGroup section */
		9881434C22B1ED3B003037B5 /* Main.storyboard */ = {
			isa = PBXVariantGroup;
			children = (
				9881434D22B1ED3B003037B5 /* Base */,
			);
			name = Main.storyboard;
			sourceTree = "<group>";
		};
		9881435122B1ED3B003037B5 /* LaunchScreen.storyboard */ = {
			isa = PBXVariantGroup;
			children = (
				9881435222B1ED3B003037B5 /* Base */,
			);
			name = LaunchScreen.storyboard;
			sourceTree = "<group>";
		};
/* End PBXVariantGroup section */

/* Begin XCBuildConfiguration section */
		9881435722B1ED3B003037B5 /* Debug */ = {
			isa = XCBuildConfiguration;
			buildSettings = {
				ALWAYS_SEARCH_USER_PATHS = NO;
				CLANG_ANALYZER_NONNULL = YES;
				CLANG_ANALYZER_NUMBER_OBJECT_CONVERSION = YES_AGGRESSIVE;
				CLANG_CXX_LANGUAGE_STANDARD = "gnu++14";
				CLANG_CXX_LIBRARY = "libc++";
				CLANG_ENABLE_MODULES = YES;
				CLANG_ENABLE_OBJC_ARC = YES;
				CLANG_ENABLE_OBJC_WEAK = YES;
				CLANG_WARN_BLOCK_CAPTURE_AUTORELEASING = YES;
				CLANG_WARN_BOOL_CONVERSION = YES;
				CLANG_WARN_COMMA = YES;
				CLANG_WARN_CONSTANT_CONVERSION = YES;
				CLANG_WARN_DEPRECATED_OBJC_IMPLEMENTATIONS = YES;
				CLANG_WARN_DIRECT_OBJC_ISA_USAGE = YES_ERROR;
				CLANG_WARN_DOCUMENTATION_COMMENTS = YES;
				CLANG_WARN_EMPTY_BODY = YES;
				CLANG_WARN_ENUM_CONVERSION = YES;
				CLANG_WARN_INFINITE_RECURSION = YES;
				CLANG_WARN_INT_CONVERSION = YES;
				CLANG_WARN_NON_LITERAL_NULL_CONVERSION = YES;
				CLANG_WARN_OBJC_IMPLICIT_RETAIN_SELF = YES;
				CLANG_WARN_OBJC_LITERAL_CONVERSION = YES;
				CLANG_WARN_OBJC_ROOT_CLASS = YES_ERROR;
				CLANG_WARN_RANGE_LOOP_ANALYSIS = YES;
				CLANG_WARN_STRICT_PROTOTYPES = YES;
				CLANG_WARN_SUSPICIOUS_MOVE = YES;
				CLANG_WARN_UNGUARDED_AVAILABILITY = YES_AGGRESSIVE;
				CLANG_WARN_UNREACHABLE_CODE = YES;
				CLANG_WARN__DUPLICATE_METHOD_MATCH = YES;
				CODE_SIGN_IDENTITY = "iPhone Developer";
				COPY_PHASE_STRIP = NO;
				DEBUG_INFORMATION_FORMAT = dwarf;
				ENABLE_STRICT_OBJC_MSGSEND = YES;
				ENABLE_TESTABILITY = YES;
				GCC_C_LANGUAGE_STANDARD = gnu11;
				GCC_DYNAMIC_NO_PIC = NO;
				GCC_NO_COMMON_BLOCKS = YES;
				GCC_OPTIMIZATION_LEVEL = 0;
				GCC_PREPROCESSOR_DEFINITIONS = (
					"DEBUG=1",
					"$(inherited)",
				);
				GCC_WARN_64_TO_32_BIT_CONVERSION = YES;
				GCC_WARN_ABOUT_RETURN_TYPE = YES_ERROR;
				GCC_WARN_UNDECLARED_SELECTOR = YES;
				GCC_WARN_UNINITIALIZED_AUTOS = YES_AGGRESSIVE;
				GCC_WARN_UNUSED_FUNCTION = YES;
				GCC_WARN_UNUSED_VARIABLE = YES;
				IPHONEOS_DEPLOYMENT_TARGET = 12.2;
				MTL_ENABLE_DEBUG_INFO = INCLUDE_SOURCE;
				MTL_FAST_MATH = YES;
				ONLY_ACTIVE_ARCH = YES;
				SDKROOT = iphoneos;
			};
			name = Debug;
		};
		9881435822B1ED3B003037B5 /* Release */ = {
			isa = XCBuildConfiguration;
			buildSettings = {
				ALWAYS_SEARCH_USER_PATHS = NO;
				CLANG_ANALYZER_NONNULL = YES;
				CLANG_ANALYZER_NUMBER_OBJECT_CONVERSION = YES_AGGRESSIVE;
				CLANG_CXX_LANGUAGE_STANDARD = "gnu++14";
				CLANG_CXX_LIBRARY = "libc++";
				CLANG_ENABLE_MODULES = YES;
				CLANG_ENABLE_OBJC_ARC = YES;
				CLANG_ENABLE_OBJC_WEAK = YES;
				CLANG_WARN_BLOCK_CAPTURE_AUTORELEASING = YES;
				CLANG_WARN_BOOL_CONVERSION = YES;
				CLANG_WARN_COMMA = YES;
				CLANG_WARN_CONSTANT_CONVERSION = YES;
				CLANG_WARN_DEPRECATED_OBJC_IMPLEMENTATIONS = YES;
				CLANG_WARN_DIRECT_OBJC_ISA_USAGE = YES_ERROR;
				CLANG_WARN_DOCUMENTATION_COMMENTS = YES;
				CLANG_WARN_EMPTY_BODY = YES;
				CLANG_WARN_ENUM_CONVERSION = YES;
				CLANG_WARN_INFINITE_RECURSION = YES;
				CLANG_WARN_INT_CONVERSION = YES;
				CLANG_WARN_NON_LITERAL_NULL_CONVERSION = YES;
				CLANG_WARN_OBJC_IMPLICIT_RETAIN_SELF = YES;
				CLANG_WARN_OBJC_LITERAL_CONVERSION = YES;
				CLANG_WARN_OBJC_ROOT_CLASS = YES_ERROR;
				CLANG_WARN_RANGE_LOOP_ANALYSIS = YES;
				CLANG_WARN_STRICT_PROTOTYPES = YES;
				CLANG_WARN_SUSPICIOUS_MOVE = YES;
				CLANG_WARN_UNGUARDED_AVAILABILITY = YES_AGGRESSIVE;
				CLANG_WARN_UNREACHABLE_CODE = YES;
				CLANG_WARN__DUPLICATE_METHOD_MATCH = YES;
				CODE_SIGN_IDENTITY = "iPhone Developer";
				COPY_PHASE_STRIP = NO;
				DEBUG_INFORMATION_FORMAT = "dwarf-with-dsym";
				ENABLE_NS_ASSERTIONS = NO;
				ENABLE_STRICT_OBJC_MSGSEND = YES;
				GCC_C_LANGUAGE_STANDARD = gnu11;
				GCC_NO_COMMON_BLOCKS = YES;
				GCC_WARN_64_TO_32_BIT_CONVERSION = YES;
				GCC_WARN_ABOUT_RETURN_TYPE = YES_ERROR;
				GCC_WARN_UNDECLARED_SELECTOR = YES;
				GCC_WARN_UNINITIALIZED_AUTOS = YES_AGGRESSIVE;
				GCC_WARN_UNUSED_FUNCTION = YES;
				GCC_WARN_UNUSED_VARIABLE = YES;
				IPHONEOS_DEPLOYMENT_TARGET = 12.2;
				MTL_ENABLE_DEBUG_INFO = NO;
				MTL_FAST_MATH = YES;
				SDKROOT = iphoneos;
				VALIDATE_PRODUCT = YES;
			};
			name = Release;
		};
		9881435A22B1ED3B003037B5 /* Debug */ = {
			isa = XCBuildConfiguration;
			baseConfigurationReference = 1794D1D5046B70772431787A /* Pods-OCMDAdDemo.debug.xcconfig */;
			buildSettings = {
				ALWAYS_EMBED_SWIFT_STANDARD_LIBRARIES = YES;
				ASSETCATALOG_COMPILER_APPICON_NAME = AppIcon;
				CLANG_ENABLE_MODULES = YES;
				CODE_SIGN_STYLE = Automatic;
				CURRENT_PROJECT_VERSION = 0.8.3.1;
				DEVELOPMENT_TEAM = X3TCHH8YF6;
				ENABLE_BITCODE = YES;
				FRAMEWORK_SEARCH_PATHS = (
					"$(inherited)",
					"$(PROJECT_DIR)",
					"$(PROJECT_DIR)/OCMDAdDemo",
				);
				INFOPLIST_FILE = OCMDAdDemo/Info.plist;
				IPHONEOS_DEPLOYMENT_TARGET = 10.0;
				LD_RUNPATH_SEARCH_PATHS = (
					"$(inherited)",
					"@executable_path/Frameworks",
				);
				MARKETING_VERSION = 0.8.3;
				PRODUCT_BUNDLE_IDENTIFIER = com.testsdk.oc;
				PRODUCT_NAME = "$(TARGET_NAME)";
				SWIFT_OBJC_BRIDGING_HEADER = "OCMDAdDemo-Bridging-Header.h";
				SWIFT_OPTIMIZATION_LEVEL = "-Onone";
				SWIFT_VERSION = 5.0;
				TARGETED_DEVICE_FAMILY = 1;
			};
			name = Debug;
		};
		9881435B22B1ED3B003037B5 /* Release */ = {
			isa = XCBuildConfiguration;
			baseConfigurationReference = 152F0472512BCAC09DC59057 /* Pods-OCMDAdDemo.release.xcconfig */;
			buildSettings = {
				ALWAYS_EMBED_SWIFT_STANDARD_LIBRARIES = YES;
				ASSETCATALOG_COMPILER_APPICON_NAME = AppIcon;
				CLANG_ENABLE_MODULES = YES;
				CODE_SIGN_STYLE = Automatic;
				CURRENT_PROJECT_VERSION = 0.8.3.1;
				DEVELOPMENT_TEAM = X3TCHH8YF6;
				ENABLE_BITCODE = YES;
				FRAMEWORK_SEARCH_PATHS = (
					"$(inherited)",
					"$(PROJECT_DIR)",
					"$(PROJECT_DIR)/OCMDAdDemo",
				);
				INFOPLIST_FILE = OCMDAdDemo/Info.plist;
				IPHONEOS_DEPLOYMENT_TARGET = 10.0;
				LD_RUNPATH_SEARCH_PATHS = (
					"$(inherited)",
					"@executable_path/Frameworks",
				);
				MARKETING_VERSION = 0.8.3;
				PRODUCT_BUNDLE_IDENTIFIER = com.testsdk.oc;
				PRODUCT_NAME = "$(TARGET_NAME)";
				SWIFT_OBJC_BRIDGING_HEADER = "OCMDAdDemo-Bridging-Header.h";
				SWIFT_VERSION = 5.0;
				TARGETED_DEVICE_FAMILY = 1;
			};
			name = Release;
		};
/* End XCBuildConfiguration section */

/* Begin XCConfigurationList section */
		9881433E22B1ED3B003037B5 /* Build configuration list for PBXProject "OCMDAdDemo" */ = {
			isa = XCConfigurationList;
			buildConfigurations = (
				9881435722B1ED3B003037B5 /* Debug */,
				9881435822B1ED3B003037B5 /* Release */,
			);
			defaultConfigurationIsVisible = 0;
			defaultConfigurationName = Release;
		};
		9881435922B1ED3B003037B5 /* Build configuration list for PBXNativeTarget "OCMDAdDemo" */ = {
			isa = XCConfigurationList;
			buildConfigurations = (
				9881435A22B1ED3B003037B5 /* Debug */,
				9881435B22B1ED3B003037B5 /* Release */,
			);
			defaultConfigurationIsVisible = 0;
			defaultConfigurationName = Release;
		};
/* End XCConfigurationList section */
	};
	rootObject = 9881433B22B1ED3B003037B5 /* Project object */;
}
